
Microsoft Visual Studio Solution File, Format Version 12.00
# Visual Studio 2012
Project("{FAE04EC0-301F-11D3-BF4B-00C04F79EFBC}") = "MarketSimulator", "MarketSimulator\MarketSimulator.csproj", "{72F69085-9529-4182-B9C1-015C5BF865B3}"
EndProject
Project("{FAE04EC0-301F-11D3-BF4B-00C04F79EFBC}") = "MarketSimulator.Contracts", "MarketSimulator.Contracts\MarketSimulator.Contracts.csproj", "{9ED5339B-32A3-4FF0-9055-11D8C44A9211}"
EndProject
Project("{FAE04EC0-301F-11D3-BF4B-00C04F79EFBC}") = "MarketSimulator.LimitOrderBook", "MarketSimulator.LimitOrderBook\MarketSimulator.LimitOrderBook.csproj", "{763A6256-272E-44EF-A0D4-66EA82B92279}"
EndProject
Project("{FAE04EC0-301F-11D3-BF4B-00C04F79EFBC}") = "MarketSimulator.UnitTests", "MarketSimulator.UnitTests\MarketSimulator.UnitTests.csproj", "{CA6AEBB5-12FA-480D-8C8D-E7BC0A61AA99}"
EndProject
Project("{FAE04EC0-301F-11D3-BF4B-00C04F79EFBC}") = "MarketSimulator.CommunicationsModule", "MarketSimulator.CommunicationsModule\MarketSimulator.CommunicationsModule.csproj", "{B1CB96F2-1423-41C4-8DD9-D2208C11E340}"
EndProject
Project("{FAE04EC0-301F-11D3-BF4B-00C04F79EFBC}") = "MarketSimulator.Console", "MarketSimulator.Console\MarketSimulator.Console.csproj", "{B1995950-4050-483F-AEE0-C118E761637F}"
EndProject
Project("{FAE04EC0-301F-11D3-BF4B-00C04F79EFBC}") = "TestParticipant.Console", "TestParticipant.Console\TestParticipant.Console.csproj", "{51D8161F-472F-421E-B463-41ADAA7EB8B9}"
EndProject
Project("{FAE04EC0-301F-11D3-BF4B-00C04F79EFBC}") = "TestParticipantDataFeed.Console", "TestParticipantDataFeed.Console\TestParticipantDataFeed.Console.csproj", "{C09D54DD-8325-489C-AF61-BC034D4B8AB8}"
EndProject
Project("{FAE04EC0-301F-11D3-BF4B-00C04F79EFBC}") = "RealTime.TestParticipant.Console", "RealTime.TestParticipant.Console\RealTime.TestParticipant.Console.csproj", "{85478398-3D14-4D51-829E-B4879EEE9FF7}"
EndProject
Project("{FAE04EC0-301F-11D3-BF4B-00C04F79EFBC}") = "HetroTradingRules.TestParticipant.Console", "HetroTradingRules.TestParticipant.Console\HetroTradingRules.TestParticipant.Console.csproj", "{661009D8-DA76-4E9A-9BD2-4348F8719813}"
EndProject
Global
	GlobalSection(SolutionConfigurationPlatforms) = preSolution
		Debug|Any CPU = Debug|Any CPU
		Debug|Mixed Platforms = Debug|Mixed Platforms
		Debug|x86 = Debug|x86
		Release|Any CPU = Release|Any CPU
		Release|Mixed Platforms = Release|Mixed Platforms
		Release|x86 = Release|x86
	EndGlobalSection
	GlobalSection(ProjectConfigurationPlatforms) = postSolution
		{72F69085-9529-4182-B9C1-015C5BF865B3}.Debug|Any CPU.ActiveCfg = Debug|x86
		{72F69085-9529-4182-B9C1-015C5BF865B3}.Debug|Mixed Platforms.ActiveCfg = Debug|x86
		{72F69085-9529-4182-B9C1-015C5BF865B3}.Debug|Mixed Platforms.Build.0 = Debug|x86
		{72F69085-9529-4182-B9C1-015C5BF865B3}.Debug|x86.ActiveCfg = Debug|x86
		{72F69085-9529-4182-B9C1-015C5BF865B3}.Debug|x86.Build.0 = Debug|x86
		{72F69085-9529-4182-B9C1-015C5BF865B3}.Release|Any CPU.ActiveCfg = Release|x86
		{72F69085-9529-4182-B9C1-015C5BF865B3}.Release|Mixed Platforms.ActiveCfg = Release|x86
		{72F69085-9529-4182-B9C1-015C5BF865B3}.Release|Mixed Platforms.Build.0 = Release|x86
		{72F69085-9529-4182-B9C1-015C5BF865B3}.Release|x86.ActiveCfg = Release|x86
		{72F69085-9529-4182-B9C1-015C5BF865B3}.Release|x86.Build.0 = Release|x86
		{9ED5339B-32A3-4FF0-9055-11D8C44A9211}.Debug|Any CPU.ActiveCfg = Debug|Any CPU
		{9ED5339B-32A3-4FF0-9055-11D8C44A9211}.Debug|Any CPU.Build.0 = Debug|Any CPU
		{9ED5339B-32A3-4FF0-9055-11D8C44A9211}.Debug|Mixed Platforms.ActiveCfg = Debug|Any CPU
		{9ED5339B-32A3-4FF0-9055-11D8C44A9211}.Debug|Mixed Platforms.Build.0 = Debug|Any CPU
		{9ED5339B-32A3-4FF0-9055-11D8C44A9211}.Debug|x86.ActiveCfg = Debug|Any CPU
		{9ED5339B-32A3-4FF0-9055-11D8C44A9211}.Release|Any CPU.ActiveCfg = Release|Any CPU
		{9ED5339B-32A3-4FF0-9055-11D8C44A9211}.Release|Any CPU.Build.0 = Release|Any CPU
		{9ED5339B-32A3-4FF0-9055-11D8C44A9211}.Release|Mixed Platforms.ActiveCfg = Release|Any CPU
		{9ED5339B-32A3-4FF0-9055-11D8C44A9211}.Release|Mixed Platforms.Build.0 = Release|Any CPU
		{9ED5339B-32A3-4FF0-9055-11D8C44A9211}.Release|x86.ActiveCfg = Release|Any CPU
		{763A6256-272E-44EF-A0D4-66EA82B92279}.Debug|Any CPU.ActiveCfg = Debug|Any CPU
		{763A6256-272E-44EF-A0D4-66EA82B92279}.Debug|Any CPU.Build.0 = Debug|Any CPU
		{763A6256-272E-44EF-A0D4-66EA82B92279}.Debug|Mixed Platforms.ActiveCfg = Debug|Any CPU
		{763A6256-272E-44EF-A0D4-66EA82B92279}.Debug|Mixed Platforms.Build.0 = Debug|Any CPU
		{763A6256-272E-44EF-A0D4-66EA82B92279}.Debug|x86.ActiveCfg = Debug|Any CPU
		{763A6256-272E-44EF-A0D4-66EA82B92279}.Release|Any CPU.ActiveCfg = Release|Any CPU
		{763A6256-272E-44EF-A0D4-66EA82B92279}.Release|Any CPU.Build.0 = Release|Any CPU
		{763A6256-272E-44EF-A0D4-66EA82B92279}.Release|Mixed Platforms.ActiveCfg = Release|Any CPU
		{763A6256-272E-44EF-A0D4-66EA82B92279}.Release|Mixed Platforms.Build.0 = Release|Any CPU
		{763A6256-272E-44EF-A0D4-66EA82B92279}.Release|x86.ActiveCfg = Release|Any CPU
		{CA6AEBB5-12FA-480D-8C8D-E7BC0A61AA99}.Debug|Any CPU.ActiveCfg = Debug|Any CPU
		{CA6AEBB5-12FA-480D-8C8D-E7BC0A61AA99}.Debug|Any CPU.Build.0 = Debug|Any CPU
		{CA6AEBB5-12FA-480D-8C8D-E7BC0A61AA99}.Debug|Mixed Platforms.ActiveCfg = Debug|Any CPU
		{CA6AEBB5-12FA-480D-8C8D-E7BC0A61AA99}.Debug|Mixed Platforms.Build.0 = Debug|Any CPU
		{CA6AEBB5-12FA-480D-8C8D-E7BC0A61AA99}.Debug|x86.ActiveCfg = Debug|Any CPU
		{CA6AEBB5-12FA-480D-8C8D-E7BC0A61AA99}.Release|Any CPU.ActiveCfg = Release|Any CPU
		{CA6AEBB5-12FA-480D-8C8D-E7BC0A61AA99}.Release|Any CPU.Build.0 = Release|Any CPU
		{CA6AEBB5-12FA-480D-8C8D-E7BC0A61AA99}.Release|Mixed Platforms.ActiveCfg = Release|Any CPU
		{CA6AEBB5-12FA-480D-8C8D-E7BC0A61AA99}.Release|Mixed Platforms.Build.0 = Release|Any CPU
		{CA6AEBB5-12FA-480D-8C8D-E7BC0A61AA99}.Release|x86.ActiveCfg = Release|Any CPU
		{B1CB96F2-1423-41C4-8DD9-D2208C11E340}.Debug|Any CPU.ActiveCfg = Debug|Any CPU
		{B1CB96F2-1423-41C4-8DD9-D2208C11E340}.Debug|Any CPU.Build.0 = Debug|Any CPU
		{B1CB96F2-1423-41C4-8DD9-D2208C11E340}.Debug|Mixed Platforms.ActiveCfg = Debug|Any CPU
		{B1CB96F2-1423-41C4-8DD9-D2208C11E340}.Debug|Mixed Platforms.Build.0 = Debug|Any CPU
		{B1CB96F2-1423-41C4-8DD9-D2208C11E340}.Debug|x86.ActiveCfg = Debug|Any CPU
		{B1CB96F2-1423-41C4-8DD9-D2208C11E340}.Release|Any CPU.ActiveCfg = Release|Any CPU
		{B1CB96F2-1423-41C4-8DD9-D2208C11E340}.Release|Any CPU.Build.0 = Release|Any CPU
		{B1CB96F2-1423-41C4-8DD9-D2208C11E340}.Release|Mixed Platforms.ActiveCfg = Release|Any CPU
		{B1CB96F2-1423-41C4-8DD9-D2208C11E340}.Release|Mixed Platforms.Build.0 = Release|Any CPU
		{B1CB96F2-1423-41C4-8DD9-D2208C11E340}.Release|x86.ActiveCfg = Release|Any CPU
		{B1995950-4050-483F-AEE0-C118E761637F}.Debug|Any CPU.ActiveCfg = Debug|Any CPU
		{B1995950-4050-483F-AEE0-C118E761637F}.Debug|Any CPU.Build.0 = Debug|Any CPU
		{B1995950-4050-483F-AEE0-C118E761637F}.Debug|Mixed Platforms.ActiveCfg = Debug|Any CPU
		{B1995950-4050-483F-AEE0-C118E761637F}.Debug|Mixed Platforms.Build.0 = Debug|Any CPU
		{B1995950-4050-483F-AEE0-C118E761637F}.Debug|x86.ActiveCfg = Debug|Any CPU
		{B1995950-4050-483F-AEE0-C118E761637F}.Release|Any CPU.ActiveCfg = Release|Any CPU
		{B1995950-4050-483F-AEE0-C118E761637F}.Release|Any CPU.Build.0 = Release|Any CPU
		{B1995950-4050-483F-AEE0-C118E761637F}.Release|Mixed Platforms.ActiveCfg = Release|Any CPU
		{B1995950-4050-483F-AEE0-C118E761637F}.Release|Mixed Platforms.Build.0 = Release|Any CPU
		{B1995950-4050-483F-AEE0-C118E761637F}.Release|x86.ActiveCfg = Release|Any CPU
		{51D8161F-472F-421E-B463-41ADAA7EB8B9}.Debug|Any CPU.ActiveCfg = Debug|Any CPU
		{51D8161F-472F-421E-B463-41ADAA7EB8B9}.Debug|Any CPU.Build.0 = Debug|Any CPU
		{51D8161F-472F-421E-B463-41ADAA7EB8B9}.Debug|Mixed Platforms.ActiveCfg = Debug|Any CPU
		{51D8161F-472F-421E-B463-41ADAA7EB8B9}.Debug|Mixed Platforms.Build.0 = Debug|Any CPU
		{51D8161F-472F-421E-B463-41ADAA7EB8B9}.Debug|x86.ActiveCfg = Debug|Any CPU
		{51D8161F-472F-421E-B463-41ADAA7EB8B9}.Release|Any CPU.ActiveCfg = Release|Any CPU
		{51D8161F-472F-421E-B463-41ADAA7EB8B9}.Release|Any CPU.Build.0 = Release|Any CPU
		{51D8161F-472F-421E-B463-41ADAA7EB8B9}.Release|Mixed Platforms.ActiveCfg = Release|Any CPU
		{51D8161F-472F-421E-B463-41ADAA7EB8B9}.Release|Mixed Platforms.Build.0 = Release|Any CPU
		{51D8161F-472F-421E-B463-41ADAA7EB8B9}.Release|x86.ActiveCfg = Release|Any CPU
		{C09D54DD-8325-489C-AF61-BC034D4B8AB8}.Debug|Any CPU.ActiveCfg = Debug|Any CPU
		{C09D54DD-8325-489C-AF61-BC034D4B8AB8}.Debug|Any CPU.Build.0 = Debug|Any CPU
		{C09D54DD-8325-489C-AF61-BC034D4B8AB8}.Debug|Mixed Platforms.ActiveCfg = Debug|Any CPU
		{C09D54DD-8325-489C-AF61-BC034D4B8AB8}.Debug|Mixed Platforms.Build.0 = Debug|Any CPU
		{C09D54DD-8325-489C-AF61-BC034D4B8AB8}.Debug|x86.ActiveCfg = Debug|Any CPU
		{C09D54DD-8325-489C-AF61-BC034D4B8AB8}.Release|Any CPU.ActiveCfg = Release|Any CPU
		{C09D54DD-8325-489C-AF61-BC034D4B8AB8}.Release|Any CPU.Build.0 = Release|Any CPU
		{C09D54DD-8325-489C-AF61-BC034D4B8AB8}.Release|Mixed Platforms.ActiveCfg = Release|Any CPU
		{C09D54DD-8325-489C-AF61-BC034D4B8AB8}.Release|Mixed Platforms.Build.0 = Release|Any CPU
		{C09D54DD-8325-489C-AF61-BC034D4B8AB8}.Release|x86.ActiveCfg = Release|Any CPU
		{85478398-3D14-4D51-829E-B4879EEE9FF7}.Debug|Any CPU.ActiveCfg = Debug|Any CPU
		{85478398-3D14-4D51-829E-B4879EEE9FF7}.Debug|Any CPU.Build.0 = Debug|Any CPU
		{85478398-3D14-4D51-829E-B4879EEE9FF7}.Debug|Mixed Platforms.ActiveCfg = Debug|Any CPU
		{85478398-3D14-4D51-829E-B4879EEE9FF7}.Debug|Mixed Platforms.Build.0 = Debug|Any CPU
		{85478398-3D14-4D51-829E-B4879EEE9FF7}.Debug|x86.ActiveCfg = Debug|Any CPU
		{85478398-3D14-4D51-829E-B4879EEE9FF7}.Release|Any CPU.ActiveCfg = Release|Any CPU
		{85478398-3D14-4D51-829E-B4879EEE9FF7}.Release|Any CPU.Build.0 = Release|Any CPU
		{85478398-3D14-4D51-829E-B4879EEE9FF7}.Release|Mixed Platforms.ActiveCfg = Release|Any CPU
		{85478398-3D14-4D51-829E-B4879EEE9FF7}.Release|Mixed Platforms.Build.0 = Release|Any CPU
		{85478398-3D14-4D51-829E-B4879EEE9FF7}.Release|x86.ActiveCfg = Release|Any CPU
		{661009D8-DA76-4E9A-9BD2-4348F8719813}.Debug|Any CPU.ActiveCfg = Debug|Any CPU
		{661009D8-DA76-4E9A-9BD2-4348F8719813}.Debug|Any CPU.Build.0 = Debug|Any CPU
		{661009D8-DA76-4E9A-9BD2-4348F8719813}.Debug|Mixed Platforms.ActiveCfg = Debug|Any CPU
		{661009D8-DA76-4E9A-9BD2-4348F8719813}.Debug|Mixed Platforms.Build.0 = Debug|Any CPU
		{661009D8-DA76-4E9A-9BD2-4348F8719813}.Debug|x86.ActiveCfg = Debug|Any CPU
		{661009D8-DA76-4E9A-9BD2-4348F8719813}.Release|Any CPU.ActiveCfg = Release|Any CPU
		{661009D8-DA76-4E9A-9BD2-4348F8719813}.Release|Any CPU.Build.0 = Release|Any CPU
		{661009D8-DA76-4E9A-9BD2-4348F8719813}.Release|Mixed Platforms.ActiveCfg = Release|Any CPU
		{661009D8-DA76-4E9A-9BD2-4348F8719813}.Release|Mixed Platforms.Build.0 = Release|Any CPU
		{661009D8-DA76-4E9A-9BD2-4348F8719813}.Release|x86.ActiveCfg = Release|Any CPU
	EndGlobalSection
	GlobalSection(SolutionProperties) = preSolution
		HideSolutionNode = FALSE
	EndGlobalSection
EndGlobal
